
Microsoft Visual Studio Solution File, Format Version 12.00
# Visual Studio Version 17
VisualStudioVersion = 17.8.34330.188
MinimumVisualStudioVersion = 10.0.40219.1
Project("{FAE04EC0-301F-11D3-BF4B-00C04F79EFBC}") = "Bodega", "Bodega.csproj", "{2EDEEE06-56D8-47FF-9CF5-3B0679DE866C}"
EndProject
Global
	GlobalSection(SolutionConfigurationPlatforms) = preSolution
		Debug|Any CPU = Debug|Any CPU
		Release|Any CPU = Release|Any CPU
	EndGlobalSection
	GlobalSection(ProjectConfigurationPlatforms) = postSolution
		{2EDEEE06-56D8-47FF-9CF5-3B0679DE866C}.Debug|Any CPU.ActiveCfg = Debug|Any CPU
		{2EDEEE06-56D8-47FF-9CF5-3B0679DE866C}.Debug|Any CPU.Build.0 = Debug|Any CPU
		{2EDEEE06-56D8-47FF-9CF5-3B0679DE866C}.Release|Any CPU.ActiveCfg = Release|Any CPU
		{2EDEEE06-56D8-47FF-9CF5-3B0679DE866C}.Release|Any CPU.Build.0 = Release|Any CPU
	EndGlobalSection
	GlobalSection(SolutionProperties) = preSolution
		HideSolutionNode = FALSE
	EndGlobalSection
	GlobalSection(ExtensibilityGlobals) = postSolution
		SolutionGuid = {2EDE227D-62E9-406D-83CA-B3E221192913}
	EndGlobalSection
EndGlobal
